// !$*UTF8*$!
{
	archiveVersion = 1;
	classes = {
	};
	objectVersion = 46;
	objects = {

/* Begin PBXBuildFile section */
		20FE4CFDB4392FBE7480E01A /* Pods_FirebaseiOSTests.framework in Frameworks */ = {isa = PBXBuildFile; fileRef = 8B16C39C8B3EAC496F951DED /* Pods_FirebaseiOSTests.framework */; };
		8B22B0031E762558001D8100 /* AppDelegate.swift in Sources */ = {isa = PBXBuildFile; fileRef = 8B22B0021E762558001D8100 /* AppDelegate.swift */; };
		8B22B0051E762558001D8100 /* ViewController.swift in Sources */ = {isa = PBXBuildFile; fileRef = 8B22B0041E762558001D8100 /* ViewController.swift */; };
		8B22B0081E762558001D8100 /* Main.storyboard in Resources */ = {isa = PBXBuildFile; fileRef = 8B22B0061E762558001D8100 /* Main.storyboard */; };
		8B22B00A1E762558001D8100 /* Assets.xcassets in Resources */ = {isa = PBXBuildFile; fileRef = 8B22B0091E762558001D8100 /* Assets.xcassets */; };
		8B22B00D1E762558001D8100 /* LaunchScreen.storyboard in Resources */ = {isa = PBXBuildFile; fileRef = 8B22B00B1E762558001D8100 /* LaunchScreen.storyboard */; };
		8B22B0181E762559001D8100 /* FirebaseiOSTests.swift in Sources */ = {isa = PBXBuildFile; fileRef = 8B22B0171E762559001D8100 /* FirebaseiOSTests.swift */; };
		8B22B0231E762559001D8100 /* FirebaseiOSUITests.swift in Sources */ = {isa = PBXBuildFile; fileRef = 8B22B0221E762559001D8100 /* FirebaseiOSUITests.swift */; };
		8B22B0311E7626CE001D8100 /* GoogleService-Info.plist in Resources */ = {isa = PBXBuildFile; fileRef = 8B22B0301E7626CE001D8100 /* GoogleService-Info.plist */; };
		BFD8EA85BFB502F70014E1E1 /* Pods_FirebaseiOSUITests.framework in Frameworks */ = {isa = PBXBuildFile; fileRef = 3FD6B9AA89479A595885C5AC /* Pods_FirebaseiOSUITests.framework */; };
		D96475479C14F79DFCE479D6 /* Pods_FirebaseiOS.framework in Frameworks */ = {isa = PBXBuildFile; fileRef = B3D33D8C61A32885E32C1C2A /* Pods_FirebaseiOS.framework */; };
/* End PBXBuildFile section */

/* Begin PBXContainerItemProxy section */
		8B22B0141E762559001D8100 /* PBXContainerItemProxy */ = {
			isa = PBXContainerItemProxy;
			containerPortal = 8B22AFF71E762558001D8100 /* Project object */;
			proxyType = 1;
			remoteGlobalIDString = 8B22AFFE1E762558001D8100;
			remoteInfo = FirebaseiOS;
		};
		8B22B01F1E762559001D8100 /* PBXContainerItemProxy */ = {
			isa = PBXContainerItemProxy;
			containerPortal = 8B22AFF71E762558001D8100 /* Project object */;
			proxyType = 1;
			remoteGlobalIDString = 8B22AFFE1E762558001D8100;
			remoteInfo = FirebaseiOS;
		};
/* End PBXContainerItemProxy section */

/* Begin PBXFileReference section */
		3FD6B9AA89479A595885C5AC /* Pods_FirebaseiOSUITests.framework */ = {isa = PBXFileReference; explicitFileType = wrapper.framework; includeInIndex = 0; path = Pods_FirebaseiOSUITests.framework; sourceTree = BUILT_PRODUCTS_DIR; };
		4C160740D9E6500F5B51871B /* Pods-FirebaseiOSUITests.release.xcconfig */ = {isa = PBXFileReference; includeInIndex = 1; lastKnownFileType = text.xcconfig; name = "Pods-FirebaseiOSUITests.release.xcconfig"; path = "Pods/Target Support Files/Pods-FirebaseiOSUITests/Pods-FirebaseiOSUITests.release.xcconfig"; sourceTree = "<group>"; };
		59A2AD6F7047505A0FB48C7A /* Pods-FirebaseiOSUITests.debug.xcconfig */ = {isa = PBXFileReference; includeInIndex = 1; lastKnownFileType = text.xcconfig; name = "Pods-FirebaseiOSUITests.debug.xcconfig"; path = "Pods/Target Support Files/Pods-FirebaseiOSUITests/Pods-FirebaseiOSUITests.debug.xcconfig"; sourceTree = "<group>"; };
		8B16C39C8B3EAC496F951DED /* Pods_FirebaseiOSTests.framework */ = {isa = PBXFileReference; explicitFileType = wrapper.framework; includeInIndex = 0; path = Pods_FirebaseiOSTests.framework; sourceTree = BUILT_PRODUCTS_DIR; };
		8B22AFFF1E762558001D8100 /* FirebaseiOS.app */ = {isa = PBXFileReference; explicitFileType = wrapper.application; includeInIndex = 0; path = FirebaseiOS.app; sourceTree = BUILT_PRODUCTS_DIR; };
		8B22B0021E762558001D8100 /* AppDelegate.swift */ = {isa = PBXFileReference; lastKnownFileType = sourcecode.swift; path = AppDelegate.swift; sourceTree = "<group>"; };
		8B22B0041E762558001D8100 /* ViewController.swift */ = {isa = PBXFileReference; lastKnownFileType = sourcecode.swift; path = ViewController.swift; sourceTree = "<group>"; };
		8B22B0071E762558001D8100 /* Base */ = {isa = PBXFileReference; lastKnownFileType = file.storyboard; name = Base; path = Base.lproj/Main.storyboard; sourceTree = "<group>"; };
		8B22B0091E762558001D8100 /* Assets.xcassets */ = {isa = PBXFileReference; lastKnownFileType = folder.assetcatalog; path = Assets.xcassets; sourceTree = "<group>"; };
		8B22B00C1E762558001D8100 /* Base */ = {isa = PBXFileReference; lastKnownFileType = file.storyboard; name = Base; path = Base.lproj/LaunchScreen.storyboard; sourceTree = "<group>"; };
		8B22B00E1E762558001D8100 /* Info.plist */ = {isa = PBXFileReference; lastKnownFileType = text.plist.xml; path = Info.plist; sourceTree = "<group>"; };
		8B22B0131E762559001D8100 /* FirebaseiOSTests.xctest */ = {isa = PBXFileReference; explicitFileType = wrapper.cfbundle; includeInIndex = 0; path = FirebaseiOSTests.xctest; sourceTree = BUILT_PRODUCTS_DIR; };
		8B22B0171E762559001D8100 /* FirebaseiOSTests.swift */ = {isa = PBXFileReference; lastKnownFileType = sourcecode.swift; path = FirebaseiOSTests.swift; sourceTree = "<group>"; };
		8B22B0191E762559001D8100 /* Info.plist */ = {isa = PBXFileReference; lastKnownFileType = text.plist.xml; path = Info.plist; sourceTree = "<group>"; };
		8B22B01E1E762559001D8100 /* FirebaseiOSUITests.xctest */ = {isa = PBXFileReference; explicitFileType = wrapper.cfbundle; includeInIndex = 0; path = FirebaseiOSUITests.xctest; sourceTree = BUILT_PRODUCTS_DIR; };
		8B22B0221E762559001D8100 /* FirebaseiOSUITests.swift */ = {isa = PBXFileReference; lastKnownFileType = sourcecode.swift; path = FirebaseiOSUITests.swift; sourceTree = "<group>"; };
		8B22B0241E762559001D8100 /* Info.plist */ = {isa = PBXFileReference; lastKnownFileType = text.plist.xml; path = Info.plist; sourceTree = "<group>"; };
		8B22B0301E7626CE001D8100 /* GoogleService-Info.plist */ = {isa = PBXFileReference; fileEncoding = 4; lastKnownFileType = text.plist.xml; name = "GoogleService-Info.plist"; path = "../../../../Desktop/GoogleService-Info.plist"; sourceTree = "<group>"; };
		92090A7CA9BF2D023479B3F2 /* Pods-FirebaseiOS.release.xcconfig */ = {isa = PBXFileReference; includeInIndex = 1; lastKnownFileType = text.xcconfig; name = "Pods-FirebaseiOS.release.xcconfig"; path = "Pods/Target Support Files/Pods-FirebaseiOS/Pods-FirebaseiOS.release.xcconfig"; sourceTree = "<group>"; };
		AA403E3B5A7066209125BEAC /* Pods-FirebaseiOSTests.release.xcconfig */ = {isa = PBXFileReference; includeInIndex = 1; lastKnownFileType = text.xcconfig; name = "Pods-FirebaseiOSTests.release.xcconfig"; path = "Pods/Target Support Files/Pods-FirebaseiOSTests/Pods-FirebaseiOSTests.release.xcconfig"; sourceTree = "<group>"; };
		B3D33D8C61A32885E32C1C2A /* Pods_FirebaseiOS.framework */ = {isa = PBXFileReference; explicitFileType = wrapper.framework; includeInIndex = 0; path = Pods_FirebaseiOS.framework; sourceTree = BUILT_PRODUCTS_DIR; };
		C6ED912419A0E143E300CE7E /* Pods-FirebaseiOSTests.debug.xcconfig */ = {isa = PBXFileReference; includeInIndex = 1; lastKnownFileType = text.xcconfig; name = "Pods-FirebaseiOSTests.debug.xcconfig"; path = "Pods/Target Support Files/Pods-FirebaseiOSTests/Pods-FirebaseiOSTests.debug.xcconfig"; sourceTree = "<group>"; };
		F68F11B1EBAB780BFB79496F /* Pods-FirebaseiOS.debug.xcconfig */ = {isa = PBXFileReference; includeInIndex = 1; lastKnownFileType = text.xcconfig; name = "Pods-FirebaseiOS.debug.xcconfig"; path = "Pods/Target Support Files/Pods-FirebaseiOS/Pods-FirebaseiOS.debug.xcconfig"; sourceTree = "<group>"; };
/* End PBXFileReference section */

/* Begin PBXFrameworksBuildPhase section */
		8B22AFFC1E762558001D8100 /* Frameworks */ = {
			isa = PBXFrameworksBuildPhase;
			buildActionMask = 2147483647;
			files = (
				D96475479C14F79DFCE479D6 /* Pods_FirebaseiOS.framework in Frameworks */,
			);
			runOnlyForDeploymentPostprocessing = 0;
		};
		8B22B0101E762559001D8100 /* Frameworks */ = {
			isa = PBXFrameworksBuildPhase;
			buildActionMask = 2147483647;
			files = (
				20FE4CFDB4392FBE7480E01A /* Pods_FirebaseiOSTests.framework in Frameworks */,
			);
			runOnlyForDeploymentPostprocessing = 0;
		};
		8B22B01B1E762559001D8100 /* Frameworks */ = {
			isa = PBXFrameworksBuildPhase;
			buildActionMask = 2147483647;
			files = (
				BFD8EA85BFB502F70014E1E1 /* Pods_FirebaseiOSUITests.framework in Frameworks */,
			);
			runOnlyForDeploymentPostprocessing = 0;
		};
/* End PBXFrameworksBuildPhase section */

/* Begin PBXGroup section */
		12F3D1801742C273890341C9 /* Pods */ = {
			isa = PBXGroup;
			children = (
				F68F11B1EBAB780BFB79496F /* Pods-FirebaseiOS.debug.xcconfig */,
				92090A7CA9BF2D023479B3F2 /* Pods-FirebaseiOS.release.xcconfig */,
				C6ED912419A0E143E300CE7E /* Pods-FirebaseiOSTests.debug.xcconfig */,
				AA403E3B5A7066209125BEAC /* Pods-FirebaseiOSTests.release.xcconfig */,
				59A2AD6F7047505A0FB48C7A /* Pods-FirebaseiOSUITests.debug.xcconfig */,
				4C160740D9E6500F5B51871B /* Pods-FirebaseiOSUITests.release.xcconfig */,
			);
			name = Pods;
			sourceTree = "<group>";
		};
		440DF026ED5422EA54ACA65A /* Frameworks */ = {
			isa = PBXGroup;
			children = (
				B3D33D8C61A32885E32C1C2A /* Pods_FirebaseiOS.framework */,
				8B16C39C8B3EAC496F951DED /* Pods_FirebaseiOSTests.framework */,
				3FD6B9AA89479A595885C5AC /* Pods_FirebaseiOSUITests.framework */,
			);
			name = Frameworks;
			sourceTree = "<group>";
		};
		8B22AFF61E762558001D8100 = {
			isa = PBXGroup;
			children = (
				8B22B0011E762558001D8100 /* FirebaseiOS */,
				8B22B0161E762559001D8100 /* FirebaseiOSTests */,
				8B22B0211E762559001D8100 /* FirebaseiOSUITests */,
				8B22B0001E762558001D8100 /* Products */,
				12F3D1801742C273890341C9 /* Pods */,
				440DF026ED5422EA54ACA65A /* Frameworks */,
			);
			sourceTree = "<group>";
		};
		8B22B0001E762558001D8100 /* Products */ = {
			isa = PBXGroup;
			children = (
				8B22AFFF1E762558001D8100 /* FirebaseiOS.app */,
				8B22B0131E762559001D8100 /* FirebaseiOSTests.xctest */,
				8B22B01E1E762559001D8100 /* FirebaseiOSUITests.xctest */,
			);
			name = Products;
			sourceTree = "<group>";
		};
		8B22B0011E762558001D8100 /* FirebaseiOS */ = {
			isa = PBXGroup;
			children = (
				8B22B0301E7626CE001D8100 /* GoogleService-Info.plist */,
				8B22B0021E762558001D8100 /* AppDelegate.swift */,
				8B22B0041E762558001D8100 /* ViewController.swift */,
				8B22B0061E762558001D8100 /* Main.storyboard */,
				8B22B0091E762558001D8100 /* Assets.xcassets */,
				8B22B00B1E762558001D8100 /* LaunchScreen.storyboard */,
				8B22B00E1E762558001D8100 /* Info.plist */,
			);
			path = FirebaseiOS;
			sourceTree = "<group>";
		};
		8B22B0161E762559001D8100 /* FirebaseiOSTests */ = {
			isa = PBXGroup;
			children = (
				8B22B0171E762559001D8100 /* FirebaseiOSTests.swift */,
				8B22B0191E762559001D8100 /* Info.plist */,
			);
			path = FirebaseiOSTests;
			sourceTree = "<group>";
		};
		8B22B0211E762559001D8100 /* FirebaseiOSUITests */ = {
			isa = PBXGroup;
			children = (
				8B22B0221E762559001D8100 /* FirebaseiOSUITests.swift */,
				8B22B0241E762559001D8100 /* Info.plist */,
			);
			path = FirebaseiOSUITests;
			sourceTree = "<group>";
		};
/* End PBXGroup section */

/* Begin PBXNativeTarget section */
		8B22AFFE1E762558001D8100 /* FirebaseiOS */ = {
			isa = PBXNativeTarget;
			buildConfigurationList = 8B22B0271E762559001D8100 /* Build configuration list for PBXNativeTarget "FirebaseiOS" */;
			buildPhases = (
				A143B4DFAF65E9B2B30E2C9C /* [CP] Check Pods Manifest.lock */,
				8B22AFFB1E762558001D8100 /* Sources */,
				8B22AFFC1E762558001D8100 /* Frameworks */,
				8B22AFFD1E762558001D8100 /* Resources */,
				51E2B8F4364B6E0DBBC2EAC2 /* [CP] Embed Pods Frameworks */,
				684EDA5736D47FC5B2EA9C76 /* [CP] Copy Pods Resources */,
			);
			buildRules = (
			);
			dependencies = (
			);
			name = FirebaseiOS;
			productName = FirebaseiOS;
			productReference = 8B22AFFF1E762558001D8100 /* FirebaseiOS.app */;
			productType = "com.apple.product-type.application";
		};
		8B22B0121E762559001D8100 /* FirebaseiOSTests */ = {
			isa = PBXNativeTarget;
			buildConfigurationList = 8B22B02A1E762559001D8100 /* Build configuration list for PBXNativeTarget "FirebaseiOSTests" */;
			buildPhases = (
				99B98B4C4ABAD9980F7B6462 /* [CP] Check Pods Manifest.lock */,
				8B22B00F1E762559001D8100 /* Sources */,
				8B22B0101E762559001D8100 /* Frameworks */,
				8B22B0111E762559001D8100 /* Resources */,
				E2BCE1CB6791BE66CD314E2C /* [CP] Embed Pods Frameworks */,
				AED795B63316602FD8ED1D43 /* [CP] Copy Pods Resources */,
			);
			buildRules = (
			);
			dependencies = (
				8B22B0151E762559001D8100 /* PBXTargetDependency */,
			);
			name = FirebaseiOSTests;
			productName = FirebaseiOSTests;
			productReference = 8B22B0131E762559001D8100 /* FirebaseiOSTests.xctest */;
			productType = "com.apple.product-type.bundle.unit-test";
		};
		8B22B01D1E762559001D8100 /* FirebaseiOSUITests */ = {
			isa = PBXNativeTarget;
			buildConfigurationList = 8B22B02D1E762559001D8100 /* Build configuration list for PBXNativeTarget "FirebaseiOSUITests" */;
			buildPhases = (
				038A9EC7F72CAC2F2C269DD7 /* [CP] Check Pods Manifest.lock */,
				8B22B01A1E762559001D8100 /* Sources */,
				8B22B01B1E762559001D8100 /* Frameworks */,
				8B22B01C1E762559001D8100 /* Resources */,
				39912E2D8815566C3D15D590 /* [CP] Embed Pods Frameworks */,
				CC790DEF2B9D1FD533C1A01C /* [CP] Copy Pods Resources */,
			);
			buildRules = (
			);
			dependencies = (
				8B22B0201E762559001D8100 /* PBXTargetDependency */,
			);
			name = FirebaseiOSUITests;
			productName = FirebaseiOSUITests;
			productReference = 8B22B01E1E762559001D8100 /* FirebaseiOSUITests.xctest */;
			productType = "com.apple.product-type.bundle.ui-testing";
		};
/* End PBXNativeTarget section */

/* Begin PBXProject section */
		8B22AFF71E762558001D8100 /* Project object */ = {
			isa = PBXProject;
			attributes = {
				LastSwiftUpdateCheck = 0820;
				LastUpgradeCheck = 0820;
				ORGANIZATIONNAME = AlvarDev;
				TargetAttributes = {
					8B22AFFE1E762558001D8100 = {
						CreatedOnToolsVersion = 8.2.1;
						DevelopmentTeam = 2A47C6ZKXA;
						ProvisioningStyle = Automatic;
					};
					8B22B0121E762559001D8100 = {
						CreatedOnToolsVersion = 8.2.1;
						DevelopmentTeam = 2A47C6ZKXA;
						ProvisioningStyle = Automatic;
						TestTargetID = 8B22AFFE1E762558001D8100;
					};
					8B22B01D1E762559001D8100 = {
						CreatedOnToolsVersion = 8.2.1;
						DevelopmentTeam = 2A47C6ZKXA;
						ProvisioningStyle = Automatic;
						TestTargetID = 8B22AFFE1E762558001D8100;
					};
				};
			};
			buildConfigurationList = 8B22AFFA1E762558001D8100 /* Build configuration list for PBXProject "FirebaseiOS" */;
			compatibilityVersion = "Xcode 3.2";
			developmentRegion = English;
			hasScannedForEncodings = 0;
			knownRegions = (
				en,
				Base,
			);
			mainGroup = 8B22AFF61E762558001D8100;
			productRefGroup = 8B22B0001E762558001D8100 /* Products */;
			projectDirPath = "";
			projectRoot = "";
			targets = (
				8B22AFFE1E762558001D8100 /* FirebaseiOS */,
				8B22B0121E762559001D8100 /* FirebaseiOSTests */,
				8B22B01D1E762559001D8100 /* FirebaseiOSUITests */,
			);
		};
/* End PBXProject section */

/* Begin PBXResourcesBuildPhase section */
		8B22AFFD1E762558001D8100 /* Resources */ = {
			isa = PBXResourcesBuildPhase;
			buildActionMask = 2147483647;
			files = (
				8B22B00D1E762558001D8100 /* LaunchScreen.storyboard in Resources */,
				8B22B0311E7626CE001D8100 /* GoogleService-Info.plist in Resources */,
				8B22B00A1E762558001D8100 /* Assets.xcassets in Resources */,
				8B22B0081E762558001D8100 /* Main.storyboard in Resources */,
			);
			runOnlyForDeploymentPostprocessing = 0;
		};
		8B22B0111E762559001D8100 /* Resources */ = {
			isa = PBXResourcesBuildPhase;
			buildActionMask = 2147483647;
			files = (
			);
			runOnlyForDeploymentPostprocessing = 0;
		};
		8B22B01C1E762559001D8100 /* Resources */ = {
			isa = PBXResourcesBuildPhase;
			buildActionMask = 2147483647;
			files = (
			);
			runOnlyForDeploymentPostprocessing = 0;
		};
/* End PBXResourcesBuildPhase section */

/* Begin PBXShellScriptBuildPhase section */
		038A9EC7F72CAC2F2C269DD7 /* [CP] Check Pods Manifest.lock */ = {
			isa = PBXShellScriptBuildPhase;
			buildActionMask = 2147483647;
			files = (
			);
			inputPaths = (
			);
			name = "[CP] Check Pods Manifest.lock";
			outputPaths = (
			);
			runOnlyForDeploymentPostprocessing = 0;
			shellPath = /bin/sh;
			shellScript = "diff \"${PODS_ROOT}/../Podfile.lock\" \"${PODS_ROOT}/Manifest.lock\" > /dev/null\nif [ $? != 0 ] ; then\n    # print error to STDERR\n    echo \"error: The sandbox is not in sync with the Podfile.lock. Run 'pod install' or update your CocoaPods installation.\" >&2\n    exit 1\nfi\n";
			showEnvVarsInLog = 0;
		};
		39912E2D8815566C3D15D590 /* [CP] Embed Pods Frameworks */ = {
			isa = PBXShellScriptBuildPhase;
			buildActionMask = 2147483647;
			files = (
			);
			inputPaths = (
			);
			name = "[CP] Embed Pods Frameworks";
			outputPaths = (
			);
			runOnlyForDeploymentPostprocessing = 0;
			shellPath = /bin/sh;
			shellScript = "\"${SRCROOT}/Pods/Target Support Files/Pods-FirebaseiOSUITests/Pods-FirebaseiOSUITests-frameworks.sh\"\n";
			showEnvVarsInLog = 0;
		};
		51E2B8F4364B6E0DBBC2EAC2 /* [CP] Embed Pods Frameworks */ = {
			isa = PBXShellScriptBuildPhase;
			buildActionMask = 2147483647;
			files = (
			);
			inputPaths = (
			);
			name = "[CP] Embed Pods Frameworks";
			outputPaths = (
			);
			runOnlyForDeploymentPostprocessing = 0;
			shellPath = /bin/sh;
			shellScript = "\"${SRCROOT}/Pods/Target Support Files/Pods-FirebaseiOS/Pods-FirebaseiOS-frameworks.sh\"\n";
			showEnvVarsInLog = 0;
		};
		684EDA5736D47FC5B2EA9C76 /* [CP] Copy Pods Resources */ = {
			isa = PBXShellScriptBuildPhase;
			buildActionMask = 2147483647;
			files = (
			);
			inputPaths = (
			);
			name = "[CP] Copy Pods Resources";
			outputPaths = (
			);
			runOnlyForDeploymentPostprocessing = 0;
			shellPath = /bin/sh;
			shellScript = "\"${SRCROOT}/Pods/Target Support Files/Pods-FirebaseiOS/Pods-FirebaseiOS-resources.sh\"\n";
			showEnvVarsInLog = 0;
		};
		99B98B4C4ABAD9980F7B6462 /* [CP] Check Pods Manifest.lock */ = {
			isa = PBXShellScriptBuildPhase;
			buildActionMask = 2147483647;
			files = (
			);
			inputPaths = (
			);
			name = "[CP] Check Pods Manifest.lock";
			outputPaths = (
			);
			runOnlyForDeploymentPostprocessing = 0;
			shellPath = /bin/sh;
			shellScript = "diff \"${PODS_ROOT}/../Podfile.lock\" \"${PODS_ROOT}/Manifest.lock\" > /dev/null\nif [ $? != 0 ] ; then\n    # print error to STDERR\n    echo \"error: The sandbox is not in sync with the Podfile.lock. Run 'pod install' or update your CocoaPods installation.\" >&2\n    exit 1\nfi\n";
			showEnvVarsInLog = 0;
		};
		A143B4DFAF65E9B2B30E2C9C /* [CP] Check Pods Manifest.lock */ = {
			isa = PBXShellScriptBuildPhase;
			buildActionMask = 2147483647;
			files = (
			);
			inputPaths = (
			);
			name = "[CP] Check Pods Manifest.lock";
			outputPaths = (
			);
			runOnlyForDeploymentPostprocessing = 0;
			shellPath = /bin/sh;
			shellScript = "diff \"${PODS_ROOT}/../Podfile.lock\" \"${PODS_ROOT}/Manifest.lock\" > /dev/null\nif [ $? != 0 ] ; then\n    # print error to STDERR\n    echo \"error: The sandbox is not in sync with the Podfile.lock. Run 'pod install' or update your CocoaPods installation.\" >&2\n    exit 1\nfi\n";
			showEnvVarsInLog = 0;
		};
		AED795B63316602FD8ED1D43 /* [CP] Copy Pods Resources */ = {
			isa = PBXShellScriptBuildPhase;
			buildActionMask = 2147483647;
			files = (
			);
			inputPaths = (
			);
			name = "[CP] Copy Pods Resources";
			outputPaths = (
			);
			runOnlyForDeploymentPostprocessing = 0;
			shellPath = /bin/sh;
			shellScript = "\"${SRCROOT}/Pods/Target Support Files/Pods-FirebaseiOSTests/Pods-FirebaseiOSTests-resources.sh\"\n";
			showEnvVarsInLog = 0;
		};
		CC790DEF2B9D1FD533C1A01C /* [CP] Copy Pods Resources */ = {
			isa = PBXShellScriptBuildPhase;
			buildActionMask = 2147483647;
			files = (
			);
			inputPaths = (
			);
			name = "[CP] Copy Pods Resources";
			outputPaths = (
			);
			runOnlyForDeploymentPostprocessing = 0;
			shellPath = /bin/sh;
			shellScript = "\"${SRCROOT}/Pods/Target Support Files/Pods-FirebaseiOSUITests/Pods-FirebaseiOSUITests-resources.sh\"\n";
			showEnvVarsInLog = 0;
		};
		E2BCE1CB6791BE66CD314E2C /* [CP] Embed Pods Frameworks */ = {
			isa = PBXShellScriptBuildPhase;
			buildActionMask = 2147483647;
			files = (
			);
			inputPaths = (
			);
			name = "[CP] Embed Pods Frameworks";
			outputPaths = (
			);
			runOnlyForDeploymentPostprocessing = 0;
			shellPath = /bin/sh;
			shellScript = "\"${SRCROOT}/Pods/Target Support Files/Pods-FirebaseiOSTests/Pods-FirebaseiOSTests-frameworks.sh\"\n";
			showEnvVarsInLog = 0;
		};
/* End PBXShellScriptBuildPhase section */

/* Begin PBXSourcesBuildPhase section */
		8B22AFFB1E762558001D8100 /* Sources */ = {
			isa = PBXSourcesBuildPhase;
			buildActionMask = 2147483647;
			files = (
				8B22B0051E762558001D8100 /* ViewController.swift in Sources */,
				8B22B0031E762558001D8100 /* AppDelegate.swift in Sources */,
			);
			runOnlyForDeploymentPostprocessing = 0;
		};
		8B22B00F1E762559001D8100 /* Sources */ = {
			isa = PBXSourcesBuildPhase;
			buildActionMask = 2147483647;
			files = (
				8B22B0181E762559001D8100 /* FirebaseiOSTests.swift in Sources */,
			);
			runOnlyForDeploymentPostprocessing = 0;
		};
		8B22B01A1E762559001D8100 /* Sources */ = {
			isa = PBXSourcesBuildPhase;
			buildActionMask = 2147483647;
			files = (
				8B22B0231E762559001D8100 /* FirebaseiOSUITests.swift in Sources */,
			);
			runOnlyForDeploymentPostprocessing = 0;
		};
/* End PBXSourcesBuildPhase section */

/* Begin PBXTargetDependency section */
		8B22B0151E762559001D8100 /* PBXTargetDependency */ = {
			isa = PBXTargetDependency;
			target = 8B22AFFE1E762558001D8100 /* FirebaseiOS */;
			targetProxy = 8B22B0141E762559001D8100 /* PBXContainerItemProxy */;
		};
		8B22B0201E762559001D8100 /* PBXTargetDependency */ = {
			isa = PBXTargetDependency;
			target = 8B22AFFE1E762558001D8100 /* FirebaseiOS */;
			targetProxy = 8B22B01F1E762559001D8100 /* PBXContainerItemProxy */;
		};
/* End PBXTargetDependency section */

/* Begin PBXVariantGroup section */
		8B22B0061E762558001D8100 /* Main.storyboard */ = {
			isa = PBXVariantGroup;
			children = (
				8B22B0071E762558001D8100 /* Base */,
			);
			name = Main.storyboard;
			sourceTree = "<group>";
		};
		8B22B00B1E762558001D8100 /* LaunchScreen.storyboard */ = {
			isa = PBXVariantGroup;
			children = (
				8B22B00C1E762558001D8100 /* Base */,
			);
			name = LaunchScreen.storyboard;
			sourceTree = "<group>";
		};
/* End PBXVariantGroup section */

/* Begin XCBuildConfiguration section */
		8B22B0251E762559001D8100 /* Debug */ = {
			isa = XCBuildConfiguration;
			buildSettings = {
				ALWAYS_SEARCH_USER_PATHS = NO;
				CLANG_ANALYZER_NONNULL = YES;
				CLANG_CXX_LANGUAGE_STANDARD = "gnu++0x";
				CLANG_CXX_LIBRARY = "libc++";
				CLANG_ENABLE_MODULES = YES;
				CLANG_ENABLE_OBJC_ARC = YES;
				CLANG_WARN_BOOL_CONVERSION = YES;
				CLANG_WARN_CONSTANT_CONVERSION = YES;
				CLANG_WARN_DIRECT_OBJC_ISA_USAGE = YES_ERROR;
				CLANG_WARN_DOCUMENTATION_COMMENTS = YES;
				CLANG_WARN_EMPTY_BODY = YES;
				CLANG_WARN_ENUM_CONVERSION = YES;
				CLANG_WARN_INFINITE_RECURSION = YES;
				CLANG_WARN_INT_CONVERSION = YES;
				CLANG_WARN_OBJC_ROOT_CLASS = YES_ERROR;
				CLANG_WARN_SUSPICIOUS_MOVE = YES;
				CLANG_WARN_UNREACHABLE_CODE = YES;
				CLANG_WARN__DUPLICATE_METHOD_MATCH = YES;
				"CODE_SIGN_IDENTITY[sdk=iphoneos*]" = "iPhone Developer";
				COPY_PHASE_STRIP = NO;
				DEBUG_INFORMATION_FORMAT = dwarf;
				ENABLE_STRICT_OBJC_MSGSEND = YES;
				ENABLE_TESTABILITY = YES;
				GCC_C_LANGUAGE_STANDARD = gnu99;
				GCC_DYNAMIC_NO_PIC = NO;
				GCC_NO_COMMON_BLOCKS = YES;
				GCC_OPTIMIZATION_LEVEL = 0;
				GCC_PREPROCESSOR_DEFINITIONS = (
					"DEBUG=1",
					"$(inherited)",
				);
				GCC_WARN_64_TO_32_BIT_CONVERSION = YES;
				GCC_WARN_ABOUT_RETURN_TYPE = YES_ERROR;
				GCC_WARN_UNDECLARED_SELECTOR = YES;
				GCC_WARN_UNINITIALIZED_AUTOS = YES_AGGRESSIVE;
				GCC_WARN_UNUSED_FUNCTION = YES;
				GCC_WARN_UNUSED_VARIABLE = YES;
				IPHONEOS_DEPLOYMENT_TARGET = 10.2;
				MTL_ENABLE_DEBUG_INFO = YES;
				ONLY_ACTIVE_ARCH = YES;
				SDKROOT = iphoneos;
				SWIFT_ACTIVE_COMPILATION_CONDITIONS = DEBUG;
				SWIFT_OPTIMIZATION_LEVEL = "-Onone";
			};
			name = Debug;
		};
		8B22B0261E762559001D8100 /* Release */ = {
			isa = XCBuildConfiguration;
			buildSettings = {
				ALWAYS_SEARCH_USER_PATHS = NO;
				CLANG_ANALYZER_NONNULL = YES;
				CLANG_CXX_LANGUAGE_STANDARD = "gnu++0x";
				CLANG_CXX_LIBRARY = "libc++";
				CLANG_ENABLE_MODULES = YES;
				CLANG_ENABLE_OBJC_ARC = YES;
				CLANG_WARN_BOOL_CONVERSION = YES;
				CLANG_WARN_CONSTANT_CONVERSION = YES;
				CLANG_WARN_DIRECT_OBJC_ISA_USAGE = YES_ERROR;
				CLANG_WARN_DOCUMENTATION_COMMENTS = YES;
				CLANG_WARN_EMPTY_BODY = YES;
				CLANG_WARN_ENUM_CONVERSION = YES;
				CLANG_WARN_INFINITE_RECURSION = YES;
				CLANG_WARN_INT_CONVERSION = YES;
				CLANG_WARN_OBJC_ROOT_CLASS = YES_ERROR;
				CLANG_WARN_SUSPICIOUS_MOVE = YES;
				CLANG_WARN_UNREACHABLE_CODE = YES;
				CLANG_WARN__DUPLICATE_METHOD_MATCH = YES;
				"CODE_SIGN_IDENTITY[sdk=iphoneos*]" = "iPhone Developer";
				COPY_PHASE_STRIP = NO;
				DEBUG_INFORMATION_FORMAT = "dwarf-with-dsym";
				ENABLE_NS_ASSERTIONS = NO;
				ENABLE_STRICT_OBJC_MSGSEND = YES;
				GCC_C_LANGUAGE_STANDARD = gnu99;
				GCC_NO_COMMON_BLOCKS = YES;
				GCC_WARN_64_TO_32_BIT_CONVERSION = YES;
				GCC_WARN_ABOUT_RETURN_TYPE = YES_ERROR;
				GCC_WARN_UNDECLARED_SELECTOR = YES;
				GCC_WARN_UNINITIALIZED_AUTOS = YES_AGGRESSIVE;
				GCC_WARN_UNUSED_FUNCTION = YES;
				GCC_WARN_UNUSED_VARIABLE = YES;
				IPHONEOS_DEPLOYMENT_TARGET = 10.2;
				MTL_ENABLE_DEBUG_INFO = NO;
				SDKROOT = iphoneos;
				SWIFT_OPTIMIZATION_LEVEL = "-Owholemodule";
				VALIDATE_PRODUCT = YES;
			};
			name = Release;
		};
		8B22B0281E762559001D8100 /* Debug */ = {
			isa = XCBuildConfiguration;
			baseConfigurationReference = F68F11B1EBAB780BFB79496F /* Pods-FirebaseiOS.debug.xcconfig */;
			buildSettings = {
				ASSETCATALOG_COMPILER_APPICON_NAME = AppIcon;
				DEVELOPMENT_TEAM = 2A47C6ZKXA;
				INFOPLIST_FILE = FirebaseiOS/Info.plist;
				LD_RUNPATH_SEARCH_PATHS = "$(inherited) @executable_path/Frameworks";
				PRODUCT_BUNDLE_IDENTIFIER = com.alvardev.FirebaseiOS;
				PRODUCT_NAME = "$(TARGET_NAME)";
				SWIFT_VERSION = 3.0;
			};
			name = Debug;
		};
		8B22B0291E762559001D8100 /* Release */ = {
			isa = XCBuildConfiguration;
			baseConfigurationReference = 92090A7CA9BF2D023479B3F2 /* Pods-FirebaseiOS.release.xcconfig */;
			buildSettings = {
				ASSETCATALOG_COMPILER_APPICON_NAME = AppIcon;
				DEVELOPMENT_TEAM = 2A47C6ZKXA;
				INFOPLIST_FILE = FirebaseiOS/Info.plist;
				LD_RUNPATH_SEARCH_PATHS = "$(inherited) @executable_path/Frameworks";
				PRODUCT_BUNDLE_IDENTIFIER = com.alvardev.FirebaseiOS;
				PRODUCT_NAME = "$(TARGET_NAME)";
				SWIFT_VERSION = 3.0;
			};
			name = Release;
		};
		8B22B02B1E762559001D8100 /* Debug */ = {
			isa = XCBuildConfiguration;
			baseConfigurationReference = C6ED912419A0E143E300CE7E /* Pods-FirebaseiOSTests.debug.xcconfig */;
			buildSettings = {
				ALWAYS_EMBED_SWIFT_STANDARD_LIBRARIES = YES;
				BUNDLE_LOADER = "$(TEST_HOST)";
				DEVELOPMENT_TEAM = 2A47C6ZKXA;
				INFOPLIST_FILE = FirebaseiOSTests/Info.plist;
				LD_RUNPATH_SEARCH_PATHS = "$(inherited) @executable_path/Frameworks @loader_path/Frameworks";
				PRODUCT_BUNDLE_IDENTIFIER = com.alvardev.FirebaseiOSTests;
				PRODUCT_NAME = "$(TARGET_NAME)";
				SWIFT_VERSION = 3.0;
				TEST_HOST = "$(BUILT_PRODUCTS_DIR)/FirebaseiOS.app/FirebaseiOS";
			};
			name = Debug;
		};
		8B22B02C1E762559001D8100 /* Release */ = {
			isa = XCBuildConfiguration;
			baseConfigurationReference = AA403E3B5A7066209125BEAC /* Pods-FirebaseiOSTests.release.xcconfig */;
			buildSettings = {
				ALWAYS_EMBED_SWIFT_STANDARD_LIBRARIES = YES;
				BUNDLE_LOADER = "$(TEST_HOST)";
				DEVELOPMENT_TEAM = 2A47C6ZKXA;
				INFOPLIST_FILE = FirebaseiOSTests/Info.plist;
				LD_RUNPATH_SEARCH_PATHS = "$(inherited) @executable_path/Frameworks @loader_path/Frameworks";
				PRODUCT_BUNDLE_IDENTIFIER = com.alvardev.FirebaseiOSTests;
				PRODUCT_NAME = "$(TARGET_NAME)";
				SWIFT_VERSION = 3.0;
				TEST_HOST = "$(BUILT_PRODUCTS_DIR)/FirebaseiOS.app/FirebaseiOS";
			};
			name = Release;
		};
		8B22B02E1E762559001D8100 /* Debug */ = {
			isa = XCBuildConfiguration;
			baseConfigurationReference = 59A2AD6F7047505A0FB48C7A /* Pods-FirebaseiOSUITests.debug.xcconfig */;
			buildSettings = {
				ALWAYS_EMBED_SWIFT_STANDARD_LIBRARIES = YES;
				DEVELOPMENT_TEAM = 2A47C6ZKXA;
				INFOPLIST_FILE = FirebaseiOSUITests/Info.plist;
				LD_RUNPATH_SEARCH_PATHS = "$(inherited) @executable_path/Frameworks @loader_path/Frameworks";
				PRODUCT_BUNDLE_IDENTIFIER = com.alvardev.FirebaseiOSUITests;
				PRODUCT_NAME = "$(TARGET_NAME)";
				SWIFT_VERSION = 3.0;
				TEST_TARGET_NAME = FirebaseiOS;
			};
			name = Debug;
		};
		8B22B02F1E762559001D8100 /* Release */ = {
			isa = XCBuildConfiguration;
			baseConfigurationReference = 4C160740D9E6500F5B51871B /* Pods-FirebaseiOSUITests.release.xcconfig */;
			buildSettings = {
				ALWAYS_EMBED_SWIFT_STANDARD_LIBRARIES = YES;
				DEVELOPMENT_TEAM = 2A47C6ZKXA;
				INFOPLIST_FILE = FirebaseiOSUITests/Info.plist;
				LD_RUNPATH_SEARCH_PATHS = "$(inherited) @executable_path/Frameworks @loader_path/Frameworks";
				PRODUCT_BUNDLE_IDENTIFIER = com.alvardev.FirebaseiOSUITests;
				PRODUCT_NAME = "$(TARGET_NAME)";
				SWIFT_VERSION = 3.0;
				TEST_TARGET_NAME = FirebaseiOS;
			};
			name = Release;
		};
/* End XCBuildConfiguration section */

/* Begin XCConfigurationList section */
		8B22AFFA1E762558001D8100 /* Build configuration list for PBXProject "FirebaseiOS" */ = {
			isa = XCConfigurationList;
			buildConfigurations = (
				8B22B0251E762559001D8100 /* Debug */,
				8B22B0261E762559001D8100 /* Release */,
			);
			defaultConfigurationIsVisible = 0;
			defaultConfigurationName = Release;
		};
		8B22B0271E762559001D8100 /* Build configuration list for PBXNativeTarget "FirebaseiOS" */ = {
			isa = XCConfigurationList;
			buildConfigurations = (
				8B22B0281E762559001D8100 /* Debug */,
				8B22B0291E762559001D8100 /* Release */,
			);
			defaultConfigurationIsVisible = 0;
		};
		8B22B02A1E762559001D8100 /* Build configuration list for PBXNativeTarget "FirebaseiOSTests" */ = {
			isa = XCConfigurationList;
			buildConfigurations = (
				8B22B02B1E762559001D8100 /* Debug */,
				8B22B02C1E762559001D8100 /* Release */,
			);
			defaultConfigurationIsVisible = 0;
		};
		8B22B02D1E762559001D8100 /* Build configuration list for PBXNativeTarget "FirebaseiOSUITests" */ = {
			isa = XCConfigurationList;
			buildConfigurations = (
				8B22B02E1E762559001D8100 /* Debug */,
				8B22B02F1E762559001D8100 /* Release */,
			);
			defaultConfigurationIsVisible = 0;
		};
/* End XCConfigurationList section */
	};
	rootObject = 8B22AFF71E762558001D8100 /* Project object */;
}
